
Microsoft Visual Studio Solution File, Format Version 12.00
# Visual Studio Version 17
VisualStudioVersion = 17.5.002.0
MinimumVisualStudioVersion = 10.0.40219.1
Project("{9A19103F-16F7-4668-BE54-9A1E7A4F7556}") = "UniSystemBlazor", "UniSystemBlazor.csproj", "{434A9D2D-3A77-4F8F-ACB3-9728B376A85D}"
EndProject
Project("{9A19103F-16F7-4668-BE54-9A1E7A4F7556}") = "UniSystem.UseCases", "..\UniSystem.UseCases\UniSystem.UseCases.csproj", "{B97859A8-A6A4-4097-A307-1E4530E0627A}"
EndProject
Project("{9A19103F-16F7-4668-BE54-9A1E7A4F7556}") = "UniSystem.Core", "..\UniSystem.Core\UniSystem.Core.csproj", "{FB532491-E3CB-4CDE-A4E8-E0F70B35E2E5}"
EndProject
Project("{FAE04EC0-301F-11D3-BF4B-00C04F79EFBC}") = "UniSystem.Plugins", "..\UniSystem.Plugins\UniSystem.Plugins.csproj", "{7AC001DE-2835-4DA2-B514-E3D1E11BC05C}"
EndProject
Global
	GlobalSection(SolutionConfigurationPlatforms) = preSolution
		Debug|Any CPU = Debug|Any CPU
		Release|Any CPU = Release|Any CPU
	EndGlobalSection
	GlobalSection(ProjectConfigurationPlatforms) = postSolution
		{434A9D2D-3A77-4F8F-ACB3-9728B376A85D}.Debug|Any CPU.ActiveCfg = Debug|Any CPU
		{434A9D2D-3A77-4F8F-ACB3-9728B376A85D}.Debug|Any CPU.Build.0 = Debug|Any CPU
		{434A9D2D-3A77-4F8F-ACB3-9728B376A85D}.Release|Any CPU.ActiveCfg = Release|Any CPU
		{434A9D2D-3A77-4F8F-ACB3-9728B376A85D}.Release|Any CPU.Build.0 = Release|Any CPU
		{B97859A8-A6A4-4097-A307-1E4530E0627A}.Debug|Any CPU.ActiveCfg = Debug|Any CPU
		{B97859A8-A6A4-4097-A307-1E4530E0627A}.Debug|Any CPU.Build.0 = Debug|Any CPU
		{B97859A8-A6A4-4097-A307-1E4530E0627A}.Release|Any CPU.ActiveCfg = Release|Any CPU
		{B97859A8-A6A4-4097-A307-1E4530E0627A}.Release|Any CPU.Build.0 = Release|Any CPU
		{FB532491-E3CB-4CDE-A4E8-E0F70B35E2E5}.Debug|Any CPU.ActiveCfg = Debug|Any CPU
		{FB532491-E3CB-4CDE-A4E8-E0F70B35E2E5}.Debug|Any CPU.Build.0 = Debug|Any CPU
		{FB532491-E3CB-4CDE-A4E8-E0F70B35E2E5}.Release|Any CPU.ActiveCfg = Release|Any CPU
		{FB532491-E3CB-4CDE-A4E8-E0F70B35E2E5}.Release|Any CPU.Build.0 = Release|Any CPU
		{7AC001DE-2835-4DA2-B514-E3D1E11BC05C}.Debug|Any CPU.ActiveCfg = Debug|Any CPU
		{7AC001DE-2835-4DA2-B514-E3D1E11BC05C}.Debug|Any CPU.Build.0 = Debug|Any CPU
		{7AC001DE-2835-4DA2-B514-E3D1E11BC05C}.Release|Any CPU.ActiveCfg = Release|Any CPU
		{7AC001DE-2835-4DA2-B514-E3D1E11BC05C}.Release|Any CPU.Build.0 = Release|Any CPU
	EndGlobalSection
	GlobalSection(SolutionProperties) = preSolution
		HideSolutionNode = FALSE
	EndGlobalSection
	GlobalSection(ExtensibilityGlobals) = postSolution
		SolutionGuid = {CC1D3D65-4907-4712-A380-B34FF61A696A}
	EndGlobalSection
EndGlobal
